
Microsoft Visual Studio Solution File, Format Version 12.00
# Visual Studio 14
VisualStudioVersion = 14.0.25420.1
MinimumVisualStudioVersion = 10.0.40219.1
Project("{2150E333-8FDC-42A3-9474-1A3956D46DE8}") = "src", "src", "{F0D5AA06-7663-4BC1-9ECD-CC4CF64E71FA}"
EndProject
Project("{2150E333-8FDC-42A3-9474-1A3956D46DE8}") = "Solution Items", "Solution Items", "{6BEE7925-DCB0-47B1-A1A9-A8F1D333D732}"
	ProjectSection(SolutionItems) = preProject
		global.json = global.json
	EndProjectSection
EndProject
Project("{8BB2217D-0F2D-49D1-97BC-3654ED321F3B}") = "PgCore", "src\PgCore\PgCore.xproj", "{1192058C-C75A-48C5-86CD-7122CB0FB263}"
EndProject
Global
	GlobalSection(SolutionConfigurationPlatforms) = preSolution
		Debug|Any CPU = Debug|Any CPU
		Release|Any CPU = Release|Any CPU
	EndGlobalSection
	GlobalSection(ProjectConfigurationPlatforms) = postSolution
		{1192058C-C75A-48C5-86CD-7122CB0FB263}.Debug|Any CPU.ActiveCfg = Debug|Any CPU
		{1192058C-C75A-48C5-86CD-7122CB0FB263}.Debug|Any CPU.Build.0 = Debug|Any CPU
		{1192058C-C75A-48C5-86CD-7122CB0FB263}.Release|Any CPU.ActiveCfg = Release|Any CPU
		{1192058C-C75A-48C5-86CD-7122CB0FB263}.Release|Any CPU.Build.0 = Release|Any CPU
	EndGlobalSection
	GlobalSection(SolutionProperties) = preSolution
		HideSolutionNode = FALSE
	EndGlobalSection
	GlobalSection(NestedProjects) = preSolution
		{1192058C-C75A-48C5-86CD-7122CB0FB263} = {F0D5AA06-7663-4BC1-9ECD-CC4CF64E71FA}
	EndGlobalSection
EndGlobal
